
Microsoft Visual Studio Solution File, Format Version 12.00
# Visual Studio 15
VisualStudioVersion = 15.0.28010.2036
MinimumVisualStudioVersion = 10.0.40219.1
Project("{FAE04EC0-301F-11D3-BF4B-00C04F79EFBC}") = "TodoApi", "TodoApi\TodoApi.csproj", "{F9009C54-7164-4ED5-B43C-6BD83B3C6851}"
EndProject
Global
	GlobalSection(SolutionConfigurationPlatforms) = preSolution
		Debug|Any CPU = Debug|Any CPU
		Release|Any CPU = Release|Any CPU
	EndGlobalSection
	GlobalSection(ProjectConfigurationPlatforms) = postSolution
		{F9009C54-7164-4ED5-B43C-6BD83B3C6851}.Debug|Any CPU.ActiveCfg = Debug|Any CPU
		{F9009C54-7164-4ED5-B43C-6BD83B3C6851}.Debug|Any CPU.Build.0 = Debug|Any CPU
		{F9009C54-7164-4ED5-B43C-6BD83B3C6851}.Release|Any CPU.ActiveCfg = Release|Any CPU
		{F9009C54-7164-4ED5-B43C-6BD83B3C6851}.Release|Any CPU.Build.0 = Release|Any CPU
	EndGlobalSection
	GlobalSection(SolutionProperties) = preSolution
		HideSolutionNode = FALSE
	EndGlobalSection
	GlobalSection(ExtensibilityGlobals) = postSolution
		SolutionGuid = {92875ADB-0E07-4FF9-9638-91774AFE4AE1}
	EndGlobalSection
EndGlobal
